// !$*UTF8*$!
{
	archiveVersion = 1;
	classes = {
	};
	objectVersion = 46;
	objects = {

/* Begin PBXBuildFile section */
		541ECA451C0AB0F10078BC02 /* main.m in Sources */ = {isa = PBXBuildFile; fileRef = 541ECA441C0AB0F10078BC02 /* main.m */; };
		541ECA481C0AB0F10078BC02 /* AppDelegate.m in Sources */ = {isa = PBXBuildFile; fileRef = 541ECA471C0AB0F10078BC02 /* AppDelegate.m */; };
		541ECA4B1C0AB0F10078BC02 /* ViewController.m in Sources */ = {isa = PBXBuildFile; fileRef = 541ECA4A1C0AB0F10078BC02 /* ViewController.m */; };
		541ECA4E1C0AB0F10078BC02 /* Main.storyboard in Resources */ = {isa = PBXBuildFile; fileRef = 541ECA4C1C0AB0F10078BC02 /* Main.storyboard */; };
		541ECA501C0AB0F10078BC02 /* Assets.xcassets in Resources */ = {isa = PBXBuildFile; fileRef = 541ECA4F1C0AB0F10078BC02 /* Assets.xcassets */; };
		541ECA531C0AB0F10078BC02 /* LaunchScreen.storyboard in Resources */ = {isa = PBXBuildFile; fileRef = 541ECA511C0AB0F10078BC02 /* LaunchScreen.storyboard */; };
		541ECA5E1C0AB0F10078BC02 /* ShrederAnimationTests.m in Sources */ = {isa = PBXBuildFile; fileRef = 541ECA5D1C0AB0F10078BC02 /* ShrederAnimationTests.m */; };
		541ECA691C0AB0F10078BC02 /* ShrederAnimationUITests.m in Sources */ = {isa = PBXBuildFile; fileRef = 541ECA681C0AB0F10078BC02 /* ShrederAnimationUITests.m */; };
		541ECA7B1C0AB1100078BC02 /* GLKit.framework in Frameworks */ = {isa = PBXBuildFile; fileRef = 541ECA791C0AB1100078BC02 /* GLKit.framework */; };
		541ECA7C1C0AB1100078BC02 /* OpenGLES.framework in Frameworks */ = {isa = PBXBuildFile; fileRef = 541ECA7A1C0AB1100078BC02 /* OpenGLES.framework */; };
		541ECB0D1C0E8C6C0078BC02 /* image.jpg in Resources */ = {isa = PBXBuildFile; fileRef = 541ECB0C1C0E8C6B0078BC02 /* image.jpg */; };
		541ECB101C0E97C20078BC02 /* OpenGLHelper.m in Sources */ = {isa = PBXBuildFile; fileRef = 541ECB0F1C0E97C20078BC02 /* OpenGLHelper.m */; };
		541ECB121C0E98430078BC02 /* ShredderVertex.glsl in Resources */ = {isa = PBXBuildFile; fileRef = 541ECB111C0E98430078BC02 /* ShredderVertex.glsl */; };
		541ECB141C0E98800078BC02 /* ShredderFragment.glsl in Resources */ = {isa = PBXBuildFile; fileRef = 541ECB131C0E98800078BC02 /* ShredderFragment.glsl */; };
		542BDA111C1AD6B40061ECD7 /* ShredderVertexShadow.glsl in Resources */ = {isa = PBXBuildFile; fileRef = 542BDA101C1AD6B40061ECD7 /* ShredderVertexShadow.glsl */; };
		542BDA131C1AD6C00061ECD7 /* ShredderFragmentShadow.glsl in Resources */ = {isa = PBXBuildFile; fileRef = 542BDA121C1AD6C00061ECD7 /* ShredderFragmentShadow.glsl */; };
		542BDAA01C1ECC520061ECD7 /* ShredderBackSceneMesh.m in Sources */ = {isa = PBXBuildFile; fileRef = 542BDA9F1C1ECC520061ECD7 /* ShredderBackSceneMesh.m */; };
		542BDAA31C1ECC930061ECD7 /* ShredderSceneMesh.m in Sources */ = {isa = PBXBuildFile; fileRef = 542BDAA21C1ECC930061ECD7 /* ShredderSceneMesh.m */; };
		5465EB3A1C2007FC004BE6F2 /* ShredderPaperPieceSceneMesh.m in Sources */ = {isa = PBXBuildFile; fileRef = 5465EB391C2007FC004BE6F2 /* ShredderPaperPieceSceneMesh.m */; };
		54D8AC411C16F64E00672A17 /* SceneMesh.m in Sources */ = {isa = PBXBuildFile; fileRef = 54D8AC3C1C16F64E00672A17 /* SceneMesh.m */; };
		54D8AC421C16F64E00672A17 /* ShredderRenderer.m in Sources */ = {isa = PBXBuildFile; fileRef = 54D8AC3E1C16F64E00672A17 /* ShredderRenderer.m */; };
		54D8AC431C16F64E00672A17 /* ShredderFrontSceneMesh.m in Sources */ = {isa = PBXBuildFile; fileRef = 54D8AC401C16F64E00672A17 /* ShredderFrontSceneMesh.m */; };
/* End PBXBuildFile section */

/* Begin PBXContainerItemProxy section */
		541ECA5A1C0AB0F10078BC02 /* PBXContainerItemProxy */ = {
			isa = PBXContainerItemProxy;
			containerPortal = 541ECA381C0AB0F10078BC02 /* Project object */;
			proxyType = 1;
			remoteGlobalIDString = 541ECA3F1C0AB0F10078BC02;
			remoteInfo = ShrederAnimation;
		};
		541ECA651C0AB0F10078BC02 /* PBXContainerItemProxy */ = {
			isa = PBXContainerItemProxy;
			containerPortal = 541ECA381C0AB0F10078BC02 /* Project object */;
			proxyType = 1;
			remoteGlobalIDString = 541ECA3F1C0AB0F10078BC02;
			remoteInfo = ShrederAnimation;
		};
/* End PBXContainerItemProxy section */

/* Begin PBXFileReference section */
		541ECA401C0AB0F10078BC02 /* ShrederAnimation.app */ = {isa = PBXFileReference; explicitFileType = wrapper.application; includeInIndex = 0; path = ShrederAnimation.app; sourceTree = BUILT_PRODUCTS_DIR; };
		541ECA441C0AB0F10078BC02 /* main.m */ = {isa = PBXFileReference; lastKnownFileType = sourcecode.c.objc; path = main.m; sourceTree = "<group>"; };
		541ECA461C0AB0F10078BC02 /* AppDelegate.h */ = {isa = PBXFileReference; lastKnownFileType = sourcecode.c.h; path = AppDelegate.h; sourceTree = "<group>"; };
		541ECA471C0AB0F10078BC02 /* AppDelegate.m */ = {isa = PBXFileReference; lastKnownFileType = sourcecode.c.objc; path = AppDelegate.m; sourceTree = "<group>"; };
		541ECA491C0AB0F10078BC02 /* ViewController.h */ = {isa = PBXFileReference; lastKnownFileType = sourcecode.c.h; path = ViewController.h; sourceTree = "<group>"; };
		541ECA4A1C0AB0F10078BC02 /* ViewController.m */ = {isa = PBXFileReference; lastKnownFileType = sourcecode.c.objc; path = ViewController.m; sourceTree = "<group>"; };
		541ECA4D1C0AB0F10078BC02 /* Base */ = {isa = PBXFileReference; lastKnownFileType = file.storyboard; name = Base; path = Base.lproj/Main.storyboard; sourceTree = "<group>"; };
		541ECA4F1C0AB0F10078BC02 /* Assets.xcassets */ = {isa = PBXFileReference; lastKnownFileType = folder.assetcatalog; path = Assets.xcassets; sourceTree = "<group>"; };
		541ECA521C0AB0F10078BC02 /* Base */ = {isa = PBXFileReference; lastKnownFileType = file.storyboard; name = Base; path = Base.lproj/LaunchScreen.storyboard; sourceTree = "<group>"; };
		541ECA541C0AB0F10078BC02 /* Info.plist */ = {isa = PBXFileReference; lastKnownFileType = text.plist.xml; path = Info.plist; sourceTree = "<group>"; };
		541ECA591C0AB0F10078BC02 /* ShrederAnimationTests.xctest */ = {isa = PBXFileReference; explicitFileType = wrapper.cfbundle; includeInIndex = 0; path = ShrederAnimationTests.xctest; sourceTree = BUILT_PRODUCTS_DIR; };
		541ECA5D1C0AB0F10078BC02 /* ShrederAnimationTests.m */ = {isa = PBXFileReference; lastKnownFileType = sourcecode.c.objc; path = ShrederAnimationTests.m; sourceTree = "<group>"; };
		541ECA5F1C0AB0F10078BC02 /* Info.plist */ = {isa = PBXFileReference; lastKnownFileType = text.plist.xml; path = Info.plist; sourceTree = "<group>"; };
		541ECA641C0AB0F10078BC02 /* ShrederAnimationUITests.xctest */ = {isa = PBXFileReference; explicitFileType = wrapper.cfbundle; includeInIndex = 0; path = ShrederAnimationUITests.xctest; sourceTree = BUILT_PRODUCTS_DIR; };
		541ECA681C0AB0F10078BC02 /* ShrederAnimationUITests.m */ = {isa = PBXFileReference; lastKnownFileType = sourcecode.c.objc; path = ShrederAnimationUITests.m; sourceTree = "<group>"; };
		541ECA6A1C0AB0F10078BC02 /* Info.plist */ = {isa = PBXFileReference; lastKnownFileType = text.plist.xml; path = Info.plist; sourceTree = "<group>"; };
		541ECA791C0AB1100078BC02 /* GLKit.framework */ = {isa = PBXFileReference; lastKnownFileType = wrapper.framework; name = GLKit.framework; path = System/Library/Frameworks/GLKit.framework; sourceTree = SDKROOT; };
		541ECA7A1C0AB1100078BC02 /* OpenGLES.framework */ = {isa = PBXFileReference; lastKnownFileType = wrapper.framework; name = OpenGLES.framework; path = System/Library/Frameworks/OpenGLES.framework; sourceTree = SDKROOT; };
		541ECB0C1C0E8C6B0078BC02 /* image.jpg */ = {isa = PBXFileReference; lastKnownFileType = image.jpeg; path = image.jpg; sourceTree = "<group>"; };
		541ECB0E1C0E97C20078BC02 /* OpenGLHelper.h */ = {isa = PBXFileReference; fileEncoding = 4; lastKnownFileType = sourcecode.c.h; path = OpenGLHelper.h; sourceTree = "<group>"; };
		541ECB0F1C0E97C20078BC02 /* OpenGLHelper.m */ = {isa = PBXFileReference; fileEncoding = 4; lastKnownFileType = sourcecode.c.objc; path = OpenGLHelper.m; sourceTree = "<group>"; };
		541ECB111C0E98430078BC02 /* ShredderVertex.glsl */ = {isa = PBXFileReference; fileEncoding = 4; lastKnownFileType = text; path = ShredderVertex.glsl; sourceTree = "<group>"; };
		541ECB131C0E98800078BC02 /* ShredderFragment.glsl */ = {isa = PBXFileReference; fileEncoding = 4; lastKnownFileType = text; path = ShredderFragment.glsl; sourceTree = "<group>"; };
		542BDA101C1AD6B40061ECD7 /* ShredderVertexShadow.glsl */ = {isa = PBXFileReference; fileEncoding = 4; lastKnownFileType = text; path = ShredderVertexShadow.glsl; sourceTree = "<group>"; };
		542BDA121C1AD6C00061ECD7 /* ShredderFragmentShadow.glsl */ = {isa = PBXFileReference; fileEncoding = 4; lastKnownFileType = text; path = ShredderFragmentShadow.glsl; sourceTree = "<group>"; };
		542BDA9E1C1ECC520061ECD7 /* ShredderBackSceneMesh.h */ = {isa = PBXFileReference; fileEncoding = 4; lastKnownFileType = sourcecode.c.h; path = ShredderBackSceneMesh.h; sourceTree = "<group>"; };
		542BDA9F1C1ECC520061ECD7 /* ShredderBackSceneMesh.m */ = {isa = PBXFileReference; fileEncoding = 4; lastKnownFileType = sourcecode.c.objc; path = ShredderBackSceneMesh.m; sourceTree = "<group>"; };
		542BDAA11C1ECC930061ECD7 /* ShredderSceneMesh.h */ = {isa = PBXFileReference; fileEncoding = 4; lastKnownFileType = sourcecode.c.h; path = ShredderSceneMesh.h; sourceTree = "<group>"; };
		542BDAA21C1ECC930061ECD7 /* ShredderSceneMesh.m */ = {isa = PBXFileReference; fileEncoding = 4; lastKnownFileType = sourcecode.c.objc; path = ShredderSceneMesh.m; sourceTree = "<group>"; };
		5465EB381C2007FC004BE6F2 /* ShredderPaperPieceSceneMesh.h */ = {isa = PBXFileReference; fileEncoding = 4; lastKnownFileType = sourcecode.c.h; path = ShredderPaperPieceSceneMesh.h; sourceTree = "<group>"; };
		5465EB391C2007FC004BE6F2 /* ShredderPaperPieceSceneMesh.m */ = {isa = PBXFileReference; fileEncoding = 4; lastKnownFileType = sourcecode.c.objc; path = ShredderPaperPieceSceneMesh.m; sourceTree = "<group>"; };
		54D8AC3B1C16F64E00672A17 /* SceneMesh.h */ = {isa = PBXFileReference; fileEncoding = 4; lastKnownFileType = sourcecode.c.h; path = SceneMesh.h; sourceTree = "<group>"; };
		54D8AC3C1C16F64E00672A17 /* SceneMesh.m */ = {isa = PBXFileReference; fileEncoding = 4; lastKnownFileType = sourcecode.c.objc; path = SceneMesh.m; sourceTree = "<group>"; };
		54D8AC3D1C16F64E00672A17 /* ShredderRenderer.h */ = {isa = PBXFileReference; fileEncoding = 4; lastKnownFileType = sourcecode.c.h; path = ShredderRenderer.h; sourceTree = "<group>"; };
		54D8AC3E1C16F64E00672A17 /* ShredderRenderer.m */ = {isa = PBXFileReference; fileEncoding = 4; lastKnownFileType = sourcecode.c.objc; path = ShredderRenderer.m; sourceTree = "<group>"; };
		54D8AC3F1C16F64E00672A17 /* ShredderFrontSceneMesh.h */ = {isa = PBXFileReference; fileEncoding = 4; lastKnownFileType = sourcecode.c.h; path = ShredderFrontSceneMesh.h; sourceTree = "<group>"; };
		54D8AC401C16F64E00672A17 /* ShredderFrontSceneMesh.m */ = {isa = PBXFileReference; fileEncoding = 4; lastKnownFileType = sourcecode.c.objc; path = ShredderFrontSceneMesh.m; sourceTree = "<group>"; };
/* End PBXFileReference section */

/* Begin PBXFrameworksBuildPhase section */
		541ECA3D1C0AB0F10078BC02 /* Frameworks */ = {
			isa = PBXFrameworksBuildPhase;
			buildActionMask = 2147483647;
			files = (
				541ECA7B1C0AB1100078BC02 /* GLKit.framework in Frameworks */,
				541ECA7C1C0AB1100078BC02 /* OpenGLES.framework in Frameworks */,
			);
			runOnlyForDeploymentPostprocessing = 0;
		};
		541ECA561C0AB0F10078BC02 /* Frameworks */ = {
			isa = PBXFrameworksBuildPhase;
			buildActionMask = 2147483647;
			files = (
			);
			runOnlyForDeploymentPostprocessing = 0;
		};
		541ECA611C0AB0F10078BC02 /* Frameworks */ = {
			isa = PBXFrameworksBuildPhase;
			buildActionMask = 2147483647;
			files = (
			);
			runOnlyForDeploymentPostprocessing = 0;
		};
/* End PBXFrameworksBuildPhase section */

/* Begin PBXGroup section */
		541ECA371C0AB0F10078BC02 = {
			isa = PBXGroup;
			children = (
				541ECA791C0AB1100078BC02 /* GLKit.framework */,
				541ECA7A1C0AB1100078BC02 /* OpenGLES.framework */,
				541ECA421C0AB0F10078BC02 /* ShrederAnimation */,
				541ECA5C1C0AB0F10078BC02 /* ShrederAnimationTests */,
				541ECA671C0AB0F10078BC02 /* ShrederAnimationUITests */,
				541ECA411C0AB0F10078BC02 /* Products */,
			);
			sourceTree = "<group>";
		};
		541ECA411C0AB0F10078BC02 /* Products */ = {
			isa = PBXGroup;
			children = (
				541ECA401C0AB0F10078BC02 /* ShrederAnimation.app */,
				541ECA591C0AB0F10078BC02 /* ShrederAnimationTests.xctest */,
				541ECA641C0AB0F10078BC02 /* ShrederAnimationUITests.xctest */,
			);
			name = Products;
			sourceTree = "<group>";
		};
		541ECA421C0AB0F10078BC02 /* ShrederAnimation */ = {
			isa = PBXGroup;
			children = (
				541ECA461C0AB0F10078BC02 /* AppDelegate.h */,
				541ECA471C0AB0F10078BC02 /* AppDelegate.m */,
				541ECA491C0AB0F10078BC02 /* ViewController.h */,
				541ECA4A1C0AB0F10078BC02 /* ViewController.m */,
				541ECB111C0E98430078BC02 /* ShredderVertex.glsl */,
				541ECB131C0E98800078BC02 /* ShredderFragment.glsl */,
				542BDA101C1AD6B40061ECD7 /* ShredderVertexShadow.glsl */,
				542BDA121C1AD6C00061ECD7 /* ShredderFragmentShadow.glsl */,
				5465EB381C2007FC004BE6F2 /* ShredderPaperPieceSceneMesh.h */,
				5465EB391C2007FC004BE6F2 /* ShredderPaperPieceSceneMesh.m */,
				54D8AC3B1C16F64E00672A17 /* SceneMesh.h */,
				54D8AC3C1C16F64E00672A17 /* SceneMesh.m */,
				54D8AC3D1C16F64E00672A17 /* ShredderRenderer.h */,
				54D8AC3E1C16F64E00672A17 /* ShredderRenderer.m */,
				542BDAA11C1ECC930061ECD7 /* ShredderSceneMesh.h */,
				542BDAA21C1ECC930061ECD7 /* ShredderSceneMesh.m */,
				54D8AC3F1C16F64E00672A17 /* ShredderFrontSceneMesh.h */,
				54D8AC401C16F64E00672A17 /* ShredderFrontSceneMesh.m */,
				542BDA9E1C1ECC520061ECD7 /* ShredderBackSceneMesh.h */,
				542BDA9F1C1ECC520061ECD7 /* ShredderBackSceneMesh.m */,
				541ECB0E1C0E97C20078BC02 /* OpenGLHelper.h */,
				541ECB0F1C0E97C20078BC02 /* OpenGLHelper.m */,
				541ECB0C1C0E8C6B0078BC02 /* image.jpg */,
				541ECA4C1C0AB0F10078BC02 /* Main.storyboard */,
				541ECA4F1C0AB0F10078BC02 /* Assets.xcassets */,
				541ECA511C0AB0F10078BC02 /* LaunchScreen.storyboard */,
				541ECA541C0AB0F10078BC02 /* Info.plist */,
				541ECA431C0AB0F10078BC02 /* Supporting Files */,
			);
			path = ShrederAnimation;
			sourceTree = "<group>";
		};
		541ECA431C0AB0F10078BC02 /* Supporting Files */ = {
			isa = PBXGroup;
			children = (
				541ECA441C0AB0F10078BC02 /* main.m */,
			);
			name = "Supporting Files";
			sourceTree = "<group>";
		};
		541ECA5C1C0AB0F10078BC02 /* ShrederAnimationTests */ = {
			isa = PBXGroup;
			children = (
				541ECA5D1C0AB0F10078BC02 /* ShrederAnimationTests.m */,
				541ECA5F1C0AB0F10078BC02 /* Info.plist */,
			);
			path = ShrederAnimationTests;
			sourceTree = "<group>";
		};
		541ECA671C0AB0F10078BC02 /* ShrederAnimationUITests */ = {
			isa = PBXGroup;
			children = (
				541ECA681C0AB0F10078BC02 /* ShrederAnimationUITests.m */,
				541ECA6A1C0AB0F10078BC02 /* Info.plist */,
			);
			path = ShrederAnimationUITests;
			sourceTree = "<group>";
		};
/* End PBXGroup section */

/* Begin PBXNativeTarget section */
		541ECA3F1C0AB0F10078BC02 /* ShrederAnimation */ = {
			isa = PBXNativeTarget;
			buildConfigurationList = 541ECA6D1C0AB0F10078BC02 /* Build configuration list for PBXNativeTarget "ShrederAnimation" */;
			buildPhases = (
				541ECA3C1C0AB0F10078BC02 /* Sources */,
				541ECA3D1C0AB0F10078BC02 /* Frameworks */,
				541ECA3E1C0AB0F10078BC02 /* Resources */,
			);
			buildRules = (
			);
			dependencies = (
			);
			name = ShrederAnimation;
			productName = ShrederAnimation;
			productReference = 541ECA401C0AB0F10078BC02 /* ShrederAnimation.app */;
			productType = "com.apple.product-type.application";
		};
		541ECA581C0AB0F10078BC02 /* ShrederAnimationTests */ = {
			isa = PBXNativeTarget;
			buildConfigurationList = 541ECA701C0AB0F10078BC02 /* Build configuration list for PBXNativeTarget "ShrederAnimationTests" */;
			buildPhases = (
				541ECA551C0AB0F10078BC02 /* Sources */,
				541ECA561C0AB0F10078BC02 /* Frameworks */,
				541ECA571C0AB0F10078BC02 /* Resources */,
			);
			buildRules = (
			);
			dependencies = (
				541ECA5B1C0AB0F10078BC02 /* PBXTargetDependency */,
			);
			name = ShrederAnimationTests;
			productName = ShrederAnimationTests;
			productReference = 541ECA591C0AB0F10078BC02 /* ShrederAnimationTests.xctest */;
			productType = "com.apple.product-type.bundle.unit-test";
		};
		541ECA631C0AB0F10078BC02 /* ShrederAnimationUITests */ = {
			isa = PBXNativeTarget;
			buildConfigurationList = 541ECA731C0AB0F10078BC02 /* Build configuration list for PBXNativeTarget "ShrederAnimationUITests" */;
			buildPhases = (
				541ECA601C0AB0F10078BC02 /* Sources */,
				541ECA611C0AB0F10078BC02 /* Frameworks */,
				541ECA621C0AB0F10078BC02 /* Resources */,
			);
			buildRules = (
			);
			dependencies = (
				541ECA661C0AB0F10078BC02 /* PBXTargetDependency */,
			);
			name = ShrederAnimationUITests;
			productName = ShrederAnimationUITests;
			productReference = 541ECA641C0AB0F10078BC02 /* ShrederAnimationUITests.xctest */;
			productType = "com.apple.product-type.bundle.ui-testing";
		};
/* End PBXNativeTarget section */

/* Begin PBXProject section */
		541ECA381C0AB0F10078BC02 /* Project object */ = {
			isa = PBXProject;
			attributes = {
				LastUpgradeCheck = 0710;
				ORGANIZATIONNAME = cn.daniel;
				TargetAttributes = {
					541ECA3F1C0AB0F10078BC02 = {
						CreatedOnToolsVersion = 7.1;
					};
					541ECA581C0AB0F10078BC02 = {
						CreatedOnToolsVersion = 7.1;
						TestTargetID = 541ECA3F1C0AB0F10078BC02;
					};
					541ECA631C0AB0F10078BC02 = {
						CreatedOnToolsVersion = 7.1;
						TestTargetID = 541ECA3F1C0AB0F10078BC02;
					};
				};
			};
			buildConfigurationList = 541ECA3B1C0AB0F10078BC02 /* Build configuration list for PBXProject "ShrederAnimation" */;
			compatibilityVersion = "Xcode 3.2";
			developmentRegion = English;
			hasScannedForEncodings = 0;
			knownRegions = (
				en,
				Base,
			);
			mainGroup = 541ECA371C0AB0F10078BC02;
			productRefGroup = 541ECA411C0AB0F10078BC02 /* Products */;
			projectDirPath = "";
			projectRoot = "";
			targets = (
				541ECA3F1C0AB0F10078BC02 /* ShrederAnimation */,
				541ECA581C0AB0F10078BC02 /* ShrederAnimationTests */,
				541ECA631C0AB0F10078BC02 /* ShrederAnimationUITests */,
			);
		};
/* End PBXProject section */

/* Begin PBXResourcesBuildPhase section */
		541ECA3E1C0AB0F10078BC02 /* Resources */ = {
			isa = PBXResourcesBuildPhase;
			buildActionMask = 2147483647;
			files = (
				541ECB141C0E98800078BC02 /* ShredderFragment.glsl in Resources */,
				541ECA531C0AB0F10078BC02 /* LaunchScreen.storyboard in Resources */,
				541ECA501C0AB0F10078BC02 /* Assets.xcassets in Resources */,
				542BDA111C1AD6B40061ECD7 /* ShredderVertexShadow.glsl in Resources */,
				541ECB121C0E98430078BC02 /* ShredderVertex.glsl in Resources */,
				541ECA4E1C0AB0F10078BC02 /* Main.storyboard in Resources */,
				541ECB0D1C0E8C6C0078BC02 /* image.jpg in Resources */,
				542BDA131C1AD6C00061ECD7 /* ShredderFragmentShadow.glsl in Resources */,
			);
			runOnlyForDeploymentPostprocessing = 0;
		};
		541ECA571C0AB0F10078BC02 /* Resources */ = {
			isa = PBXResourcesBuildPhase;
			buildActionMask = 2147483647;
			files = (
			);
			runOnlyForDeploymentPostprocessing = 0;
		};
		541ECA621C0AB0F10078BC02 /* Resources */ = {
			isa = PBXResourcesBuildPhase;
			buildActionMask = 2147483647;
			files = (
			);
			runOnlyForDeploymentPostprocessing = 0;
		};
/* End PBXResourcesBuildPhase section */

/* Begin PBXSourcesBuildPhase section */
		541ECA3C1C0AB0F10078BC02 /* Sources */ = {
			isa = PBXSourcesBuildPhase;
			buildActionMask = 2147483647;
			files = (
				541ECA4B1C0AB0F10078BC02 /* ViewController.m in Sources */,
				541ECA481C0AB0F10078BC02 /* AppDelegate.m in Sources */,
				54D8AC431C16F64E00672A17 /* ShredderFrontSceneMesh.m in Sources */,
				541ECB101C0E97C20078BC02 /* OpenGLHelper.m in Sources */,
				542BDAA31C1ECC930061ECD7 /* ShredderSceneMesh.m in Sources */,
				54D8AC421C16F64E00672A17 /* ShredderRenderer.m in Sources */,
				5465EB3A1C2007FC004BE6F2 /* ShredderPaperPieceSceneMesh.m in Sources */,
				541ECA451C0AB0F10078BC02 /* main.m in Sources */,
				54D8AC411C16F64E00672A17 /* SceneMesh.m in Sources */,
				542BDAA01C1ECC520061ECD7 /* ShredderBackSceneMesh.m in Sources */,
			);
			runOnlyForDeploymentPostprocessing = 0;
		};
		541ECA551C0AB0F10078BC02 /* Sources */ = {
			isa = PBXSourcesBuildPhase;
			buildActionMask = 2147483647;
			files = (
				541ECA5E1C0AB0F10078BC02 /* ShrederAnimationTests.m in Sources */,
			);
			runOnlyForDeploymentPostprocessing = 0;
		};
		541ECA601C0AB0F10078BC02 /* Sources */ = {
			isa = PBXSourcesBuildPhase;
			buildActionMask = 2147483647;
			files = (
				541ECA691C0AB0F10078BC02 /* ShrederAnimationUITests.m in Sources */,
			);
			runOnlyForDeploymentPostprocessing = 0;
		};
/* End PBXSourcesBuildPhase section */

/* Begin PBXTargetDependency section */
		541ECA5B1C0AB0F10078BC02 /* PBXTargetDependency */ = {
			isa = PBXTargetDependency;
			target = 541ECA3F1C0AB0F10078BC02 /* ShrederAnimation */;
			targetProxy = 541ECA5A1C0AB0F10078BC02 /* PBXContainerItemProxy */;
		};
		541ECA661C0AB0F10078BC02 /* PBXTargetDependency */ = {
			isa = PBXTargetDependency;
			target = 541ECA3F1C0AB0F10078BC02 /* ShrederAnimation */;
			targetProxy = 541ECA651C0AB0F10078BC02 /* PBXContainerItemProxy */;
		};
/* End PBXTargetDependency section */

/* Begin PBXVariantGroup section */
		541ECA4C1C0AB0F10078BC02 /* Main.storyboard */ = {
			isa = PBXVariantGroup;
			children = (
				541ECA4D1C0AB0F10078BC02 /* Base */,
			);
			name = Main.storyboard;
			sourceTree = "<group>";
		};
		541ECA511C0AB0F10078BC02 /* LaunchScreen.storyboard */ = {
			isa = PBXVariantGroup;
			children = (
				541ECA521C0AB0F10078BC02 /* Base */,
			);
			name = LaunchScreen.storyboard;
			sourceTree = "<group>";
		};
/* End PBXVariantGroup section */

/* Begin XCBuildConfiguration section */
		541ECA6B1C0AB0F10078BC02 /* Debug */ = {
			isa = XCBuildConfiguration;
			buildSettings = {
				ALWAYS_SEARCH_USER_PATHS = NO;
				CLANG_CXX_LANGUAGE_STANDARD = "gnu++0x";
				CLANG_CXX_LIBRARY = "libc++";
				CLANG_ENABLE_MODULES = YES;
				CLANG_ENABLE_OBJC_ARC = YES;
				CLANG_WARN_BOOL_CONVERSION = YES;
				CLANG_WARN_CONSTANT_CONVERSION = YES;
				CLANG_WARN_DIRECT_OBJC_ISA_USAGE = YES_ERROR;
				CLANG_WARN_EMPTY_BODY = YES;
				CLANG_WARN_ENUM_CONVERSION = YES;
				CLANG_WARN_INT_CONVERSION = YES;
				CLANG_WARN_OBJC_ROOT_CLASS = YES_ERROR;
				CLANG_WARN_UNREACHABLE_CODE = YES;
				CLANG_WARN__DUPLICATE_METHOD_MATCH = YES;
				"CODE_SIGN_IDENTITY[sdk=iphoneos*]" = "iPhone Developer";
				COPY_PHASE_STRIP = NO;
				DEBUG_INFORMATION_FORMAT = dwarf;
				ENABLE_STRICT_OBJC_MSGSEND = YES;
				ENABLE_TESTABILITY = YES;
				GCC_C_LANGUAGE_STANDARD = gnu99;
				GCC_DYNAMIC_NO_PIC = NO;
				GCC_NO_COMMON_BLOCKS = YES;
				GCC_OPTIMIZATION_LEVEL = 0;
				GCC_PREPROCESSOR_DEFINITIONS = (
					"DEBUG=1",
					"$(inherited)",
				);
				GCC_WARN_64_TO_32_BIT_CONVERSION = YES;
				GCC_WARN_ABOUT_RETURN_TYPE = YES_ERROR;
				GCC_WARN_UNDECLARED_SELECTOR = YES;
				GCC_WARN_UNINITIALIZED_AUTOS = YES_AGGRESSIVE;
				GCC_WARN_UNUSED_FUNCTION = YES;
				GCC_WARN_UNUSED_VARIABLE = YES;
				IPHONEOS_DEPLOYMENT_TARGET = 9.1;
				MTL_ENABLE_DEBUG_INFO = YES;
				ONLY_ACTIVE_ARCH = YES;
				SDKROOT = iphoneos;
				TARGETED_DEVICE_FAMILY = "1,2";
			};
			name = Debug;
		};
		541ECA6C1C0AB0F10078BC02 /* Release */ = {
			isa = XCBuildConfiguration;
			buildSettings = {
				ALWAYS_SEARCH_USER_PATHS = NO;
				CLANG_CXX_LANGUAGE_STANDARD = "gnu++0x";
				CLANG_CXX_LIBRARY = "libc++";
				CLANG_ENABLE_MODULES = YES;
				CLANG_ENABLE_OBJC_ARC = YES;
				CLANG_WARN_BOOL_CONVERSION = YES;
				CLANG_WARN_CONSTANT_CONVERSION = YES;
				CLANG_WARN_DIRECT_OBJC_ISA_USAGE = YES_ERROR;
				CLANG_WARN_EMPTY_BODY = YES;
				CLANG_WARN_ENUM_CONVERSION = YES;
				CLANG_WARN_INT_CONVERSION = YES;
				CLANG_WARN_OBJC_ROOT_CLASS = YES_ERROR;
				CLANG_WARN_UNREACHABLE_CODE = YES;
				CLANG_WARN__DUPLICATE_METHOD_MATCH = YES;
				"CODE_SIGN_IDENTITY[sdk=iphoneos*]" = "iPhone Developer";
				COPY_PHASE_STRIP = NO;
				DEBUG_INFORMATION_FORMAT = "dwarf-with-dsym";
				ENABLE_NS_ASSERTIONS = NO;
				ENABLE_STRICT_OBJC_MSGSEND = YES;
				GCC_C_LANGUAGE_STANDARD = gnu99;
				GCC_NO_COMMON_BLOCKS = YES;
				GCC_WARN_64_TO_32_BIT_CONVERSION = YES;
				GCC_WARN_ABOUT_RETURN_TYPE = YES_ERROR;
				GCC_WARN_UNDECLARED_SELECTOR = YES;
				GCC_WARN_UNINITIALIZED_AUTOS = YES_AGGRESSIVE;
				GCC_WARN_UNUSED_FUNCTION = YES;
				GCC_WARN_UNUSED_VARIABLE = YES;
				IPHONEOS_DEPLOYMENT_TARGET = 9.1;
				MTL_ENABLE_DEBUG_INFO = NO;
				SDKROOT = iphoneos;
				TARGETED_DEVICE_FAMILY = "1,2";
				VALIDATE_PRODUCT = YES;
			};
			name = Release;
		};
		541ECA6E1C0AB0F10078BC02 /* Debug */ = {
			isa = XCBuildConfiguration;
			buildSettings = {
				ASSETCATALOG_COMPILER_APPICON_NAME = AppIcon;
				INFOPLIST_FILE = ShrederAnimation/Info.plist;
				IPHONEOS_DEPLOYMENT_TARGET = 9.0;
				LD_RUNPATH_SEARCH_PATHS = "$(inherited) @executable_path/Frameworks";
				PRODUCT_BUNDLE_IDENTIFIER = cn.daniel.ShrederAnimation;
				PRODUCT_NAME = "$(TARGET_NAME)";
			};
			name = Debug;
		};
		541ECA6F1C0AB0F10078BC02 /* Release */ = {
			isa = XCBuildConfiguration;
			buildSettings = {
				ASSETCATALOG_COMPILER_APPICON_NAME = AppIcon;
				INFOPLIST_FILE = ShrederAnimation/Info.plist;
				IPHONEOS_DEPLOYMENT_TARGET = 9.0;
				LD_RUNPATH_SEARCH_PATHS = "$(inherited) @executable_path/Frameworks";
				PRODUCT_BUNDLE_IDENTIFIER = cn.daniel.ShrederAnimation;
				PRODUCT_NAME = "$(TARGET_NAME)";
			};
			name = Release;
		};
		541ECA711C0AB0F10078BC02 /* Debug */ = {
			isa = XCBuildConfiguration;
			buildSettings = {
				BUNDLE_LOADER = "$(TEST_HOST)";
				INFOPLIST_FILE = ShrederAnimationTests/Info.plist;
				LD_RUNPATH_SEARCH_PATHS = "$(inherited) @executable_path/Frameworks @loader_path/Frameworks";
				PRODUCT_BUNDLE_IDENTIFIER = cn.daniel.ShrederAnimationTests;
				PRODUCT_NAME = "$(TARGET_NAME)";
				TEST_HOST = "$(BUILT_PRODUCTS_DIR)/ShrederAnimation.app/ShrederAnimation";
			};
			name = Debug;
		};
		541ECA721C0AB0F10078BC02 /* Release */ = {
			isa = XCBuildConfiguration;
			buildSettings = {
				BUNDLE_LOADER = "$(TEST_HOST)";
				INFOPLIST_FILE = ShrederAnimationTests/Info.plist;
				LD_RUNPATH_SEARCH_PATHS = "$(inherited) @executable_path/Frameworks @loader_path/Frameworks";
				PRODUCT_BUNDLE_IDENTIFIER = cn.daniel.ShrederAnimationTests;
				PRODUCT_NAME = "$(TARGET_NAME)";
				TEST_HOST = "$(BUILT_PRODUCTS_DIR)/ShrederAnimation.app/ShrederAnimation";
			};
			name = Release;
		};
		541ECA741C0AB0F10078BC02 /* Debug */ = {
			isa = XCBuildConfiguration;
			buildSettings = {
				INFOPLIST_FILE = ShrederAnimationUITests/Info.plist;
				LD_RUNPATH_SEARCH_PATHS = "$(inherited) @executable_path/Frameworks @loader_path/Frameworks";
				PRODUCT_BUNDLE_IDENTIFIER = cn.daniel.ShrederAnimationUITests;
				PRODUCT_NAME = "$(TARGET_NAME)";
				TEST_TARGET_NAME = ShrederAnimation;
				USES_XCTRUNNER = YES;
			};
			name = Debug;
		};
		541ECA751C0AB0F10078BC02 /* Release */ = {
			isa = XCBuildConfiguration;
			buildSettings = {
				INFOPLIST_FILE = ShrederAnimationUITests/Info.plist;
				LD_RUNPATH_SEARCH_PATHS = "$(inherited) @executable_path/Frameworks @loader_path/Frameworks";
				PRODUCT_BUNDLE_IDENTIFIER = cn.daniel.ShrederAnimationUITests;
				PRODUCT_NAME = "$(TARGET_NAME)";
				TEST_TARGET_NAME = ShrederAnimation;
				USES_XCTRUNNER = YES;
			};
			name = Release;
		};
/* End XCBuildConfiguration section */

/* Begin XCConfigurationList section */
		541ECA3B1C0AB0F10078BC02 /* Build configuration list for PBXProject "ShrederAnimation" */ = {
			isa = XCConfigurationList;
			buildConfigurations = (
				541ECA6B1C0AB0F10078BC02 /* Debug */,
				541ECA6C1C0AB0F10078BC02 /* Release */,
			);
			defaultConfigurationIsVisible = 0;
			defaultConfigurationName = Release;
		};
		541ECA6D1C0AB0F10078BC02 /* Build configuration list for PBXNativeTarget "ShrederAnimation" */ = {
			isa = XCConfigurationList;
			buildConfigurations = (
				541ECA6E1C0AB0F10078BC02 /* Debug */,
				541ECA6F1C0AB0F10078BC02 /* Release */,
			);
			defaultConfigurationIsVisible = 0;
			defaultConfigurationName = Release;
		};
		541ECA701C0AB0F10078BC02 /* Build configuration list for PBXNativeTarget "ShrederAnimationTests" */ = {
			isa = XCConfigurationList;
			buildConfigurations = (
				541ECA711C0AB0F10078BC02 /* Debug */,
				541ECA721C0AB0F10078BC02 /* Release */,
			);
			defaultConfigurationIsVisible = 0;
			defaultConfigurationName = Release;
		};
		541ECA731C0AB0F10078BC02 /* Build configuration list for PBXNativeTarget "ShrederAnimationUITests" */ = {
			isa = XCConfigurationList;
			buildConfigurations = (
				541ECA741C0AB0F10078BC02 /* Debug */,
				541ECA751C0AB0F10078BC02 /* Release */,
			);
			defaultConfigurationIsVisible = 0;
			defaultConfigurationName = Release;
		};
/* End XCConfigurationList section */
	};
	rootObject = 541ECA381C0AB0F10078BC02 /* Project object */;
}
